
Microsoft Visual Studio Solution File, Format Version 12.00
# Visual Studio Version 16
VisualStudioVersion = 16.0.29411.108
MinimumVisualStudioVersion = 10.0.40219.1
Project("{8BC9CEB8-8B4A-11D0-8D11-00A0C91BC942}") = "7-1 求10个点到原点的距离和", "7-1 求10个点到原点的距离和.vcxproj", "{CF147070-2381-49C3-AF8C-F883C77A39A6}"
EndProject
Global
	GlobalSection(SolutionConfigurationPlatforms) = preSolution
		Debug|x64 = Debug|x64
		Debug|x86 = Debug|x86
		Release|x64 = Release|x64
		Release|x86 = Release|x86
	EndGlobalSection
	GlobalSection(ProjectConfigurationPlatforms) = postSolution
		{CF147070-2381-49C3-AF8C-F883C77A39A6}.Debug|x64.ActiveCfg = Debug|x64
		{CF147070-2381-49C3-AF8C-F883C77A39A6}.Debug|x64.Build.0 = Debug|x64
		{CF147070-2381-49C3-AF8C-F883C77A39A6}.Debug|x86.ActiveCfg = Debug|Win32
		{CF147070-2381-49C3-AF8C-F883C77A39A6}.Debug|x86.Build.0 = Debug|Win32
		{CF147070-2381-49C3-AF8C-F883C77A39A6}.Release|x64.ActiveCfg = Release|x64
		{CF147070-2381-49C3-AF8C-F883C77A39A6}.Release|x64.Build.0 = Release|x64
		{CF147070-2381-49C3-AF8C-F883C77A39A6}.Release|x86.ActiveCfg = Release|Win32
		{CF147070-2381-49C3-AF8C-F883C77A39A6}.Release|x86.Build.0 = Release|Win32
	EndGlobalSection
	GlobalSection(SolutionProperties) = preSolution
		HideSolutionNode = FALSE
	EndGlobalSection
	GlobalSection(ExtensibilityGlobals) = postSolution
		SolutionGuid = {18BBA4A4-CEA0-44FB-A023-C51654F1DE13}
	EndGlobalSection
EndGlobal
