
Microsoft Visual Studio Solution File, Format Version 12.00
# Visual Studio Version 16
VisualStudioVersion = 16.0.29411.108
MinimumVisualStudioVersion = 10.0.40219.1
Project("{8BC9CEB8-8B4A-11D0-8D11-00A0C91BC942}") = "6-1 分类统计字符个数", "6-1 分类统计字符个数.vcxproj", "{DB09E031-62BA-443F-ACC7-2A5AEDAA421C}"
EndProject
Global
	GlobalSection(SolutionConfigurationPlatforms) = preSolution
		Debug|x64 = Debug|x64
		Debug|x86 = Debug|x86
		Release|x64 = Release|x64
		Release|x86 = Release|x86
	EndGlobalSection
	GlobalSection(ProjectConfigurationPlatforms) = postSolution
		{DB09E031-62BA-443F-ACC7-2A5AEDAA421C}.Debug|x64.ActiveCfg = Debug|x64
		{DB09E031-62BA-443F-ACC7-2A5AEDAA421C}.Debug|x64.Build.0 = Debug|x64
		{DB09E031-62BA-443F-ACC7-2A5AEDAA421C}.Debug|x86.ActiveCfg = Debug|Win32
		{DB09E031-62BA-443F-ACC7-2A5AEDAA421C}.Debug|x86.Build.0 = Debug|Win32
		{DB09E031-62BA-443F-ACC7-2A5AEDAA421C}.Release|x64.ActiveCfg = Release|x64
		{DB09E031-62BA-443F-ACC7-2A5AEDAA421C}.Release|x64.Build.0 = Release|x64
		{DB09E031-62BA-443F-ACC7-2A5AEDAA421C}.Release|x86.ActiveCfg = Release|Win32
		{DB09E031-62BA-443F-ACC7-2A5AEDAA421C}.Release|x86.Build.0 = Release|Win32
	EndGlobalSection
	GlobalSection(SolutionProperties) = preSolution
		HideSolutionNode = FALSE
	EndGlobalSection
	GlobalSection(ExtensibilityGlobals) = postSolution
		SolutionGuid = {3E50DEB6-660B-4CA7-9788-22EB9F8A51A9}
	EndGlobalSection
EndGlobal
