
Microsoft Visual Studio Solution File, Format Version 12.00
# Visual Studio Version 16
VisualStudioVersion = 16.0.29411.108
MinimumVisualStudioVersion = 10.0.40219.1
Project("{8BC9CEB8-8B4A-11D0-8D11-00A0C91BC942}") = "7-1 输出所有大于平均值的数", "7-1 输出所有大于平均值的数.vcxproj", "{9B5339A5-6A38-4A77-BB34-605542D6E8A1}"
EndProject
Global
	GlobalSection(SolutionConfigurationPlatforms) = preSolution
		Debug|x64 = Debug|x64
		Debug|x86 = Debug|x86
		Release|x64 = Release|x64
		Release|x86 = Release|x86
	EndGlobalSection
	GlobalSection(ProjectConfigurationPlatforms) = postSolution
		{9B5339A5-6A38-4A77-BB34-605542D6E8A1}.Debug|x64.ActiveCfg = Debug|x64
		{9B5339A5-6A38-4A77-BB34-605542D6E8A1}.Debug|x64.Build.0 = Debug|x64
		{9B5339A5-6A38-4A77-BB34-605542D6E8A1}.Debug|x86.ActiveCfg = Debug|Win32
		{9B5339A5-6A38-4A77-BB34-605542D6E8A1}.Debug|x86.Build.0 = Debug|Win32
		{9B5339A5-6A38-4A77-BB34-605542D6E8A1}.Release|x64.ActiveCfg = Release|x64
		{9B5339A5-6A38-4A77-BB34-605542D6E8A1}.Release|x64.Build.0 = Release|x64
		{9B5339A5-6A38-4A77-BB34-605542D6E8A1}.Release|x86.ActiveCfg = Release|Win32
		{9B5339A5-6A38-4A77-BB34-605542D6E8A1}.Release|x86.Build.0 = Release|Win32
	EndGlobalSection
	GlobalSection(SolutionProperties) = preSolution
		HideSolutionNode = FALSE
	EndGlobalSection
	GlobalSection(ExtensibilityGlobals) = postSolution
		SolutionGuid = {40C46E21-6F6D-4F88-953A-2C2701996B56}
	EndGlobalSection
EndGlobal
