
Microsoft Visual Studio Solution File, Format Version 12.00
# Visual Studio Version 16
VisualStudioVersion = 16.0.29411.108
MinimumVisualStudioVersion = 10.0.40219.1
Project("{8BC9CEB8-8B4A-11D0-8D11-00A0C91BC942}") = "7-2 简单计算器", "7-2 简单计算器.vcxproj", "{DEA8E02C-AC27-4593-9759-590B4D52D4A8}"
EndProject
Global
	GlobalSection(SolutionConfigurationPlatforms) = preSolution
		Debug|x64 = Debug|x64
		Debug|x86 = Debug|x86
		Release|x64 = Release|x64
		Release|x86 = Release|x86
	EndGlobalSection
	GlobalSection(ProjectConfigurationPlatforms) = postSolution
		{DEA8E02C-AC27-4593-9759-590B4D52D4A8}.Debug|x64.ActiveCfg = Debug|x64
		{DEA8E02C-AC27-4593-9759-590B4D52D4A8}.Debug|x64.Build.0 = Debug|x64
		{DEA8E02C-AC27-4593-9759-590B4D52D4A8}.Debug|x86.ActiveCfg = Debug|Win32
		{DEA8E02C-AC27-4593-9759-590B4D52D4A8}.Debug|x86.Build.0 = Debug|Win32
		{DEA8E02C-AC27-4593-9759-590B4D52D4A8}.Release|x64.ActiveCfg = Release|x64
		{DEA8E02C-AC27-4593-9759-590B4D52D4A8}.Release|x64.Build.0 = Release|x64
		{DEA8E02C-AC27-4593-9759-590B4D52D4A8}.Release|x86.ActiveCfg = Release|Win32
		{DEA8E02C-AC27-4593-9759-590B4D52D4A8}.Release|x86.Build.0 = Release|Win32
	EndGlobalSection
	GlobalSection(SolutionProperties) = preSolution
		HideSolutionNode = FALSE
	EndGlobalSection
	GlobalSection(ExtensibilityGlobals) = postSolution
		SolutionGuid = {AD01FDC2-849E-4E94-A549-C1680137CEEA}
	EndGlobalSection
EndGlobal
