
Microsoft Visual Studio Solution File, Format Version 12.00
# Visual Studio Version 16
VisualStudioVersion = 16.0.29411.108
MinimumVisualStudioVersion = 10.0.40219.1
Project("{8BC9CEB8-8B4A-11D0-8D11-00A0C91BC942}") = "7-8 查找满足条件的最后一个整数", "7-8 查找满足条件的最后一个整数.vcxproj", "{603F7368-0C33-4AC7-B714-5D13B79B062B}"
EndProject
Global
	GlobalSection(SolutionConfigurationPlatforms) = preSolution
		Debug|x64 = Debug|x64
		Debug|x86 = Debug|x86
		Release|x64 = Release|x64
		Release|x86 = Release|x86
	EndGlobalSection
	GlobalSection(ProjectConfigurationPlatforms) = postSolution
		{603F7368-0C33-4AC7-B714-5D13B79B062B}.Debug|x64.ActiveCfg = Debug|x64
		{603F7368-0C33-4AC7-B714-5D13B79B062B}.Debug|x64.Build.0 = Debug|x64
		{603F7368-0C33-4AC7-B714-5D13B79B062B}.Debug|x86.ActiveCfg = Debug|Win32
		{603F7368-0C33-4AC7-B714-5D13B79B062B}.Debug|x86.Build.0 = Debug|Win32
		{603F7368-0C33-4AC7-B714-5D13B79B062B}.Release|x64.ActiveCfg = Release|x64
		{603F7368-0C33-4AC7-B714-5D13B79B062B}.Release|x64.Build.0 = Release|x64
		{603F7368-0C33-4AC7-B714-5D13B79B062B}.Release|x86.ActiveCfg = Release|Win32
		{603F7368-0C33-4AC7-B714-5D13B79B062B}.Release|x86.Build.0 = Release|Win32
	EndGlobalSection
	GlobalSection(SolutionProperties) = preSolution
		HideSolutionNode = FALSE
	EndGlobalSection
	GlobalSection(ExtensibilityGlobals) = postSolution
		SolutionGuid = {C783C28A-A353-4B41-9C13-097FA73982D0}
	EndGlobalSection
EndGlobal
